
Microsoft Visual Studio Solution File, Format Version 12.00
# Visual Studio 15
VisualStudioVersion = 15.0.28307.779
MinimumVisualStudioVersion = 10.0.40219.1
Project("{FAE04EC0-301F-11D3-BF4B-00C04F79EFBC}") = "Geta.ScheduledParameterJob.Sample", "samples\Geta.ScheduledParameterJob.Sample\Geta.ScheduledParameterJob.Sample.csproj", "{D6FE7470-F7A0-446D-B192-9FE7D868457D}"
EndProject
Project("{FAE04EC0-301F-11D3-BF4B-00C04F79EFBC}") = "Geta.ScheduledParameterJob", "src\Geta.ScheduledParameterJob.csproj", "{DF3E8265-C706-49B2-8E33-682D22FD9B43}"
EndProject
Project("{E53339B2-1760-4266-BCC7-CA923CBCF16C}") = "docker-compose", "samples\Geta.ScheduledParameterJob.Sample\docker-compose.dcproj", "{640CC270-F3C6-4522-A975-C62BA2E17A64}"
EndProject
Global
	GlobalSection(SolutionConfigurationPlatforms) = preSolution
		Debug|Any CPU = Debug|Any CPU
		Release|Any CPU = Release|Any CPU
	EndGlobalSection
	GlobalSection(ProjectConfigurationPlatforms) = postSolution
		{D6FE7470-F7A0-446D-B192-9FE7D868457D}.Debug|Any CPU.ActiveCfg = Debug|Any CPU
		{D6FE7470-F7A0-446D-B192-9FE7D868457D}.Debug|Any CPU.Build.0 = Debug|Any CPU
		{D6FE7470-F7A0-446D-B192-9FE7D868457D}.Release|Any CPU.ActiveCfg = Release|Any CPU
		{D6FE7470-F7A0-446D-B192-9FE7D868457D}.Release|Any CPU.Build.0 = Release|Any CPU
		{DF3E8265-C706-49B2-8E33-682D22FD9B43}.Debug|Any CPU.ActiveCfg = Debug|Any CPU
		{DF3E8265-C706-49B2-8E33-682D22FD9B43}.Debug|Any CPU.Build.0 = Debug|Any CPU
		{DF3E8265-C706-49B2-8E33-682D22FD9B43}.Release|Any CPU.ActiveCfg = Release|Any CPU
		{DF3E8265-C706-49B2-8E33-682D22FD9B43}.Release|Any CPU.Build.0 = Release|Any CPU
		{640CC270-F3C6-4522-A975-C62BA2E17A64}.Debug|Any CPU.ActiveCfg = Debug|Any CPU
		{640CC270-F3C6-4522-A975-C62BA2E17A64}.Debug|Any CPU.Build.0 = Debug|Any CPU
		{640CC270-F3C6-4522-A975-C62BA2E17A64}.Release|Any CPU.ActiveCfg = Release|Any CPU
		{640CC270-F3C6-4522-A975-C62BA2E17A64}.Release|Any CPU.Build.0 = Release|Any CPU
	EndGlobalSection
	GlobalSection(SolutionProperties) = preSolution
		HideSolutionNode = FALSE
	EndGlobalSection
	GlobalSection(ExtensibilityGlobals) = postSolution
		SolutionGuid = {AF0B8A68-9D78-4DD0-9A1B-70293F241713}
	EndGlobalSection
EndGlobal
