
Microsoft Visual Studio Solution File, Format Version 12.00
# Visual Studio Version 16
VisualStudioVersion = 16.0.29409.12
MinimumVisualStudioVersion = 10.0.40219.1
Project("{FAE04EC0-301F-11D3-BF4B-00C04F79EFBC}") = "Geta.ScheduledParameterJob.Sample", "samples\Geta.ScheduledParameterJob.Sample\Geta.ScheduledParameterJob.Sample.csproj", "{DF62C20A-D213-42E6-A21D-96C37487EAE2}"
EndProject
Project("{FAE04EC0-301F-11D3-BF4B-00C04F79EFBC}") = "Geta.ScheduledParameterJob", "src\Geta.ScheduledParameterJob.csproj", "{DF3E8265-C706-49B2-8E33-682D22FD9B43}"
EndProject
Project("{E53339B2-1760-4266-BCC7-CA923CBCF16C}") = "docker-compose", "samples\Geta.ScheduledParameterJob.Sample\docker-compose.dcproj", "{640CC270-F3C6-4522-A975-C62BA2E17A64}"
EndProject
Global
	GlobalSection(SolutionConfigurationPlatforms) = preSolution
		Debug|Any CPU = Debug|Any CPU
		Release|Any CPU = Release|Any CPU
	EndGlobalSection
	GlobalSection(ProjectConfigurationPlatforms) = postSolution
		{DF62C20A-D213-42E6-A21D-96C37487EAE2}.Debug|Any CPU.ActiveCfg = Debug|Any CPU
		{DF62C20A-D213-42E6-A21D-96C37487EAE2}.Debug|Any CPU.Build.0 = Debug|Any CPU
		{DF62C20A-D213-42E6-A21D-96C37487EAE2}.Release|Any CPU.ActiveCfg = Release|Any CPU
		{DF62C20A-D213-42E6-A21D-96C37487EAE2}.Release|Any CPU.Build.0 = Release|Any CPU
		{DF3E8265-C706-49B2-8E33-682D22FD9B43}.Debug|Any CPU.ActiveCfg = Debug|Any CPU
		{DF3E8265-C706-49B2-8E33-682D22FD9B43}.Debug|Any CPU.Build.0 = Debug|Any CPU
		{DF3E8265-C706-49B2-8E33-682D22FD9B43}.Release|Any CPU.ActiveCfg = Release|Any CPU
		{DF3E8265-C706-49B2-8E33-682D22FD9B43}.Release|Any CPU.Build.0 = Release|Any CPU
		{640CC270-F3C6-4522-A975-C62BA2E17A64}.Debug|Any CPU.ActiveCfg = Debug|Any CPU
		{640CC270-F3C6-4522-A975-C62BA2E17A64}.Debug|Any CPU.Build.0 = Debug|Any CPU
		{640CC270-F3C6-4522-A975-C62BA2E17A64}.Release|Any CPU.ActiveCfg = Release|Any CPU
		{640CC270-F3C6-4522-A975-C62BA2E17A64}.Release|Any CPU.Build.0 = Release|Any CPU
	EndGlobalSection
	GlobalSection(SolutionProperties) = preSolution
		HideSolutionNode = FALSE
	EndGlobalSection
	GlobalSection(ExtensibilityGlobals) = postSolution
		SolutionGuid = {F8338CBE-819C-48C4-9440-A2F9EC5904D7}
	EndGlobalSection
EndGlobal
