
Microsoft Visual Studio Solution File, Format Version 12.00
# Visual Studio 15
VisualStudioVersion = 15.0.27428.2027
MinimumVisualStudioVersion = 10.0.40219.1
Project("{FAE04EC0-301F-11D3-BF4B-00C04F79EFBC}") = "Geta.ScheduledParameterJob", "Geta.ScheduledParameterJob\Geta.ScheduledParameterJob.csproj", "{DF3E8265-C706-49B2-8E33-682D22FD9B43}"
EndProject
Global
	GlobalSection(SolutionConfigurationPlatforms) = preSolution
		Debug|Any CPU = Debug|Any CPU
		Release|Any CPU = Release|Any CPU
	EndGlobalSection
	GlobalSection(ProjectConfigurationPlatforms) = postSolution
		{DF3E8265-C706-49B2-8E33-682D22FD9B43}.Debug|Any CPU.ActiveCfg = Debug|Any CPU
		{DF3E8265-C706-49B2-8E33-682D22FD9B43}.Debug|Any CPU.Build.0 = Debug|Any CPU
		{DF3E8265-C706-49B2-8E33-682D22FD9B43}.Release|Any CPU.ActiveCfg = Release|Any CPU
		{DF3E8265-C706-49B2-8E33-682D22FD9B43}.Release|Any CPU.Build.0 = Release|Any CPU
	EndGlobalSection
	GlobalSection(SolutionProperties) = preSolution
		HideSolutionNode = FALSE
	EndGlobalSection
	GlobalSection(ExtensibilityGlobals) = postSolution
		SolutionGuid = {AE05E5E0-C421-45E0-9624-51CBD78483D2}
	EndGlobalSection
EndGlobal
